
Microsoft Visual Studio Solution File, Format Version 12.00
# Visual Studio Version 17
VisualStudioVersion = 17.9.34728.123
MinimumVisualStudioVersion = 10.0.40219.1
Project("{FAE04EC0-301F-11D3-BF4B-00C04F79EFBC}") = "Impact.App", "Impact.App\Impact.App.csproj", "{18EE92DC-7115-4063-A55A-3DED90DA5443}"
EndProject
Global
	GlobalSection(SolutionConfigurationPlatforms) = preSolution
		Debug|Any CPU = Debug|Any CPU
		Release|Any CPU = Release|Any CPU
	EndGlobalSection
	GlobalSection(ProjectConfigurationPlatforms) = postSolution
		{18EE92DC-7115-4063-A55A-3DED90DA5443}.Debug|Any CPU.ActiveCfg = Debug|Any CPU
		{18EE92DC-7115-4063-A55A-3DED90DA5443}.Debug|Any CPU.Build.0 = Debug|Any CPU
		{18EE92DC-7115-4063-A55A-3DED90DA5443}.Release|Any CPU.ActiveCfg = Release|Any CPU
		{18EE92DC-7115-4063-A55A-3DED90DA5443}.Release|Any CPU.Build.0 = Release|Any CPU
	EndGlobalSection
	GlobalSection(SolutionProperties) = preSolution
		HideSolutionNode = FALSE
	EndGlobalSection
	GlobalSection(ExtensibilityGlobals) = postSolution
		SolutionGuid = {66B983EE-8664-4E47-9DF8-D2D808C4A2D4}
	EndGlobalSection
EndGlobal
